
Microsoft Visual Studio Solution File, Format Version 12.00
# Visual Studio Version 17
VisualStudioVersion = 17.0.31903.59
MinimumVisualStudioVersion = 10.0.40219.1
Project("{FAE04EC0-301F-11D3-BF4B-00C04F79EFBC}") = "UploadGCloud", "UploadGCloud\UploadGCloud.csproj", "{D5184989-F091-41A1-A38F-92C766E9712B}"
EndProject
Global
	GlobalSection(SolutionConfigurationPlatforms) = preSolution
		Debug|Any CPU = Debug|Any CPU
		Release|Any CPU = Release|Any CPU
	EndGlobalSection
	GlobalSection(ProjectConfigurationPlatforms) = postSolution
		{D5184989-F091-41A1-A38F-92C766E9712B}.Debug|Any CPU.ActiveCfg = Debug|Any CPU
		{D5184989-F091-41A1-A38F-92C766E9712B}.Debug|Any CPU.Build.0 = Debug|Any CPU
		{D5184989-F091-41A1-A38F-92C766E9712B}.Release|Any CPU.ActiveCfg = Release|Any CPU
		{D5184989-F091-41A1-A38F-92C766E9712B}.Release|Any CPU.Build.0 = Release|Any CPU
	EndGlobalSection
	GlobalSection(SolutionProperties) = preSolution
		HideSolutionNode = FALSE
	EndGlobalSection
	GlobalSection(ExtensibilityGlobals) = postSolution
		SolutionGuid = {4AA8D17E-1E3C-40ED-8142-D68242680B4A}
	EndGlobalSection
EndGlobal
